
Microsoft Visual Studio Solution File, Format Version 12.00
# Visual Studio Version 17
VisualStudioVersion = 17.7.34221.43
MinimumVisualStudioVersion = 10.0.40219.1
Project("{FAE04EC0-301F-11D3-BF4B-00C04F79EFBC}") = "Authen_Window", "Authen_Window\Authen_Window.csproj", "{24F188F8-F772-4F51-8F80-D7DBBA43749E}"
EndProject
Global
	GlobalSection(SolutionConfigurationPlatforms) = preSolution
		Debug|Any CPU = Debug|Any CPU
		Release|Any CPU = Release|Any CPU
	EndGlobalSection
	GlobalSection(ProjectConfigurationPlatforms) = postSolution
		{24F188F8-F772-4F51-8F80-D7DBBA43749E}.Debug|Any CPU.ActiveCfg = Debug|Any CPU
		{24F188F8-F772-4F51-8F80-D7DBBA43749E}.Debug|Any CPU.Build.0 = Debug|Any CPU
		{24F188F8-F772-4F51-8F80-D7DBBA43749E}.Release|Any CPU.ActiveCfg = Release|Any CPU
		{24F188F8-F772-4F51-8F80-D7DBBA43749E}.Release|Any CPU.Build.0 = Release|Any CPU
	EndGlobalSection
	GlobalSection(SolutionProperties) = preSolution
		HideSolutionNode = FALSE
	EndGlobalSection
	GlobalSection(ExtensibilityGlobals) = postSolution
		SolutionGuid = {0FB37AAF-A3FD-43F3-AA31-4A9C568B8F3C}
	EndGlobalSection
EndGlobal
